{
  "nodes": {
    "docgen": {
      "inputs": {
        "imp-fmt": [
          "imp",
          "imp-fmt"
        ],
        "nix-unit": [
          "imp",
          "nix-unit"
        ],
        "nixpkgs": [
          "imp",
          "nixpkgs"
        ],
        "treefmt-nix": [
          "imp",
          "treefmt-nix"
        ]
      },
      "locked": {
        "lastModified": 1767008580,
        "narHash": "sha256-EN8DpAD2wkwGYbtke9bcDNYty4d6oHo6kd71iKiE554=",
        "owner": "imp-nix",
        "repo": "imp.docgen",
        "rev": "0328b7238f27a79e37998ffa158bbd2f7fb2ee12",
        "type": "github"
      },
      "original": {
        "owner": "imp-nix",
        "repo": "imp.docgen",
        "type": "github"
      }
    },
    "flake-parts": {
      "inputs": {
        "nixpkgs-lib": "nixpkgs-lib"
      },
      "locked": {
        "lastModified": 1765835352,
        "narHash": "sha256-XswHlK/Qtjasvhd1nOa1e8MgZ8GS//jBoTqWtrS1Giw=",
        "owner": "hercules-ci",
        "repo": "flake-parts",
        "rev": "a34fae9c08a15ad73f295041fec82323541400a9",
        "type": "github"
      },
      "original": {
        "owner": "hercules-ci",
        "repo": "flake-parts",
        "type": "github"
      }
    },
    "imp": {
      "inputs": {
        "docgen": "docgen",
        "flake-parts": [
          "flake-parts"
        ],
        "imp-fmt": "imp-fmt",
        "nix-unit": "nix-unit",
        "nixpkgs": [
          "nixpkgs"
        ],
        "treefmt-nix": "treefmt-nix"
      },
      "locked": {
        "lastModified": 1767276715,
        "narHash": "sha256-HCl/DQQUHi2oePNGThCN3Gk4RazvOZhPN54pP6ae8Ss=",
        "owner": "imp-nix",
        "repo": "imp.lib",
        "rev": "ad9570a3b439eda0fbded2f00b5afa4d1bda1b01",
        "type": "github"
      },
      "original": {
        "owner": "imp-nix",
        "repo": "imp.lib",
        "type": "github"
      }
    },
    "imp-fmt": {
      "inputs": {
        "nixpkgs": [
          "imp",
          "nixpkgs"
        ],
        "treefmt-nix": [
          "imp",
          "treefmt-nix"
        ]
      },
      "locked": {
        "lastModified": 1767008577,
        "narHash": "sha256-z1Wj2WfHFJ/s3v85RDLdYKsqH+DrfN2ANqIZxAo+LXk=",
        "owner": "imp-nix",
        "repo": "imp.fmt",
        "rev": "b20265fcef391f9ec97d43e5f5ea445302db7b77",
        "type": "github"
      },
      "original": {
        "owner": "imp-nix",
        "repo": "imp.fmt",
        "type": "github"
      }
    },
    "imp-fmt_2": {
      "inputs": {
        "nixpkgs": [
          "nixpkgs"
        ],
        "treefmt-nix": [
          "treefmt-nix"
        ]
      },
      "locked": {
        "lastModified": 1767008577,
        "narHash": "sha256-z1Wj2WfHFJ/s3v85RDLdYKsqH+DrfN2ANqIZxAo+LXk=",
        "owner": "imp-nix",
        "repo": "imp.fmt",
        "rev": "b20265fcef391f9ec97d43e5f5ea445302db7b77",
        "type": "github"
      },
      "original": {
        "owner": "imp-nix",
        "repo": "imp.fmt",
        "type": "github"
      }
    },
    "nix-github-actions": {
      "inputs": {
        "nixpkgs": [
          "imp",
          "nix-unit",
          "nixpkgs"
        ]
      },
      "locked": {
        "lastModified": 1737420293,
        "narHash": "sha256-F1G5ifvqTpJq7fdkT34e/Jy9VCyzd5XfJ9TO8fHhJWE=",
        "owner": "nix-community",
        "repo": "nix-github-actions",
        "rev": "f4158fa080ef4503c8f4c820967d946c2af31ec9",
        "type": "github"
      },
      "original": {
        "owner": "nix-community",
        "repo": "nix-github-actions",
        "type": "github"
      }
    },
    "nix-unit": {
      "inputs": {
        "flake-parts": [
          "imp",
          "flake-parts"
        ],
        "nix-github-actions": "nix-github-actions",
        "nixpkgs": [
          "imp",
          "nixpkgs"
        ],
        "treefmt-nix": [
          "imp",
          "treefmt-nix"
        ]
      },
      "locked": {
        "lastModified": 1762774186,
        "narHash": "sha256-hRADkHjNt41+JUHw2EiSkMaL4owL83g5ZppjYUdF/Dc=",
        "owner": "nix-community",
        "repo": "nix-unit",
        "rev": "1c9ab50554eed0b768f9e5b6f646d63c9673f0f7",
        "type": "github"
      },
      "original": {
        "owner": "nix-community",
        "repo": "nix-unit",
        "type": "github"
      }
    },
    "nixpkgs": {
      "locked": {
        "lastModified": 1767116409,
        "narHash": "sha256-5vKw92l1GyTnjoLzEagJy5V5mDFck72LiQWZSOnSicw=",
        "owner": "NixOS",
        "repo": "nixpkgs",
        "rev": "cad22e7d996aea55ecab064e84834289143e44a0",
        "type": "github"
      },
      "original": {
        "owner": "NixOS",
        "ref": "nixos-unstable",
        "repo": "nixpkgs",
        "type": "github"
      }
    },
    "nixpkgs-lib": {
      "locked": {
        "lastModified": 1765674936,
        "narHash": "sha256-k00uTP4JNfmejrCLJOwdObYC9jHRrr/5M/a/8L2EIdo=",
        "owner": "nix-community",
        "repo": "nixpkgs.lib",
        "rev": "2075416fcb47225d9b68ac469a5c4801a9c4dd85",
        "type": "github"
      },
      "original": {
        "owner": "nix-community",
        "repo": "nixpkgs.lib",
        "type": "github"
      }
    },
    "root": {
      "inputs": {
        "flake-parts": "flake-parts",
        "imp": "imp",
        "imp-fmt": "imp-fmt_2",
        "nixpkgs": "nixpkgs",
        "treefmt-nix": "treefmt-nix_2"
      }
    },
    "treefmt-nix": {
      "inputs": {
        "nixpkgs": [
          "imp",
          "nixpkgs"
        ]
      },
      "locked": {
        "lastModified": 1767122417,
        "narHash": "sha256-yOt/FTB7oSEKQH9EZMFMeuldK1HGpQs2eAzdS9hNS/o=",
        "owner": "numtide",
        "repo": "treefmt-nix",
        "rev": "dec15f37015ac2e774c84d0952d57fcdf169b54d",
        "type": "github"
      },
      "original": {
        "owner": "numtide",
        "repo": "treefmt-nix",
        "type": "github"
      }
    },
    "treefmt-nix_2": {
      "inputs": {
        "nixpkgs": [
          "nixpkgs"
        ]
      },
      "locked": {
        "lastModified": 1767122417,
        "narHash": "sha256-yOt/FTB7oSEKQH9EZMFMeuldK1HGpQs2eAzdS9hNS/o=",
        "owner": "numtide",
        "repo": "treefmt-nix",
        "rev": "dec15f37015ac2e774c84d0952d57fcdf169b54d",
        "type": "github"
      },
      "original": {
        "owner": "numtide",
        "repo": "treefmt-nix",
        "type": "github"
      }
    }
  },
  "root": "root",
  "version": 7
}
